
Microsoft Visual Studio Solution File, Format Version 12.00
# Visual Studio 15
VisualStudioVersion = 15.0.26730.3
MinimumVisualStudioVersion = 10.0.40219.1
Project("{FAE04EC0-301F-11D3-BF4B-00C04F79EFBC}") = "YallaParkingMobile.Android", "YallaParkingMobile\YallaParkingMobile.Android\YallaParkingMobile.Android.csproj", "{F17C5374-2750-45A6-B843-B666D6FEEAD6}"
EndProject
Project("{FAE04EC0-301F-11D3-BF4B-00C04F79EFBC}") = "YallaParkingMobile.iOS", "YallaParkingMobile\YallaParkingMobile.iOS\YallaParkingMobile.iOS.csproj", "{C8ECD254-CAFD-46AF-BF79-6DB3BE99C4C0}"
EndProject
Project("{9344BDBB-3E7F-41FC-A0DD-8665D75EE146}") = "YallaParkingMobile", "YallaParkingMobile\YallaParkingMobile\YallaParkingMobile.csproj", "{0FF2CBC3-51C4-41E6-B80E-6CD85B1FF29D}"
EndProject
Global
	GlobalSection(SolutionConfigurationPlatforms) = preSolution
		Ad-Hoc|Any CPU = Ad-Hoc|Any CPU
		Ad-Hoc|ARM = Ad-Hoc|ARM
		Ad-Hoc|iPhone = Ad-Hoc|iPhone
		Ad-Hoc|iPhoneSimulator = Ad-Hoc|iPhoneSimulator
		Ad-Hoc|x64 = Ad-Hoc|x64
		Ad-Hoc|x86 = Ad-Hoc|x86
		AppStore|Any CPU = AppStore|Any CPU
		AppStore|ARM = AppStore|ARM
		AppStore|iPhone = AppStore|iPhone
		AppStore|iPhoneSimulator = AppStore|iPhoneSimulator
		AppStore|x64 = AppStore|x64
		AppStore|x86 = AppStore|x86
		Debug|Any CPU = Debug|Any CPU
		Debug|ARM = Debug|ARM
		Debug|iPhone = Debug|iPhone
		Debug|iPhoneSimulator = Debug|iPhoneSimulator
		Debug|x64 = Debug|x64
		Debug|x86 = Debug|x86
		Release|Any CPU = Release|Any CPU
		Release|ARM = Release|ARM
		Release|iPhone = Release|iPhone
		Release|iPhoneSimulator = Release|iPhoneSimulator
		Release|x64 = Release|x64
		Release|x86 = Release|x86
	EndGlobalSection
	GlobalSection(ProjectConfigurationPlatforms) = postSolution
		{F17C5374-2750-45A6-B843-B666D6FEEAD6}.Ad-Hoc|Any CPU.ActiveCfg = Release|Any CPU
		{F17C5374-2750-45A6-B843-B666D6FEEAD6}.Ad-Hoc|Any CPU.Build.0 = Release|Any CPU
		{F17C5374-2750-45A6-B843-B666D6FEEAD6}.Ad-Hoc|Any CPU.Deploy.0 = Release|Any CPU
		{F17C5374-2750-45A6-B843-B666D6FEEAD6}.Ad-Hoc|ARM.ActiveCfg = Release|Any CPU
		{F17C5374-2750-45A6-B843-B666D6FEEAD6}.Ad-Hoc|ARM.Build.0 = Release|Any CPU
		{F17C5374-2750-45A6-B843-B666D6FEEAD6}.Ad-Hoc|ARM.Deploy.0 = Release|Any CPU
		{F17C5374-2750-45A6-B843-B666D6FEEAD6}.Ad-Hoc|iPhone.ActiveCfg = Release|Any CPU
		{F17C5374-2750-45A6-B843-B666D6FEEAD6}.Ad-Hoc|iPhone.Build.0 = Release|Any CPU
		{F17C5374-2750-45A6-B843-B666D6FEEAD6}.Ad-Hoc|iPhone.Deploy.0 = Release|Any CPU
		{F17C5374-2750-45A6-B843-B666D6FEEAD6}.Ad-Hoc|iPhoneSimulator.ActiveCfg = Release|Any CPU
		{F17C5374-2750-45A6-B843-B666D6FEEAD6}.Ad-Hoc|iPhoneSimulator.Build.0 = Release|Any CPU
		{F17C5374-2750-45A6-B843-B666D6FEEAD6}.Ad-Hoc|iPhoneSimulator.Deploy.0 = Release|Any CPU
		{F17C5374-2750-45A6-B843-B666D6FEEAD6}.Ad-Hoc|x64.ActiveCfg = Release|Any CPU
		{F17C5374-2750-45A6-B843-B666D6FEEAD6}.Ad-Hoc|x64.Build.0 = Release|Any CPU
		{F17C5374-2750-45A6-B843-B666D6FEEAD6}.Ad-Hoc|x64.Deploy.0 = Release|Any CPU
		{F17C5374-2750-45A6-B843-B666D6FEEAD6}.Ad-Hoc|x86.ActiveCfg = Release|Any CPU
		{F17C5374-2750-45A6-B843-B666D6FEEAD6}.Ad-Hoc|x86.Build.0 = Release|Any CPU
		{F17C5374-2750-45A6-B843-B666D6FEEAD6}.Ad-Hoc|x86.Deploy.0 = Release|Any CPU
		{F17C5374-2750-45A6-B843-B666D6FEEAD6}.AppStore|Any CPU.ActiveCfg = Release|Any CPU
		{F17C5374-2750-45A6-B843-B666D6FEEAD6}.AppStore|Any CPU.Build.0 = Release|Any CPU
		{F17C5374-2750-45A6-B843-B666D6FEEAD6}.AppStore|Any CPU.Deploy.0 = Release|Any CPU
		{F17C5374-2750-45A6-B843-B666D6FEEAD6}.AppStore|ARM.ActiveCfg = Release|Any CPU
		{F17C5374-2750-45A6-B843-B666D6FEEAD6}.AppStore|ARM.Build.0 = Release|Any CPU
		{F17C5374-2750-45A6-B843-B666D6FEEAD6}.AppStore|ARM.Deploy.0 = Release|Any CPU
		{F17C5374-2750-45A6-B843-B666D6FEEAD6}.AppStore|iPhone.ActiveCfg = Release|Any CPU
		{F17C5374-2750-45A6-B843-B666D6FEEAD6}.AppStore|iPhone.Build.0 = Release|Any CPU
		{F17C5374-2750-45A6-B843-B666D6FEEAD6}.AppStore|iPhone.Deploy.0 = Release|Any CPU
		{F17C5374-2750-45A6-B843-B666D6FEEAD6}.AppStore|iPhoneSimulator.ActiveCfg = Release|Any CPU
		{F17C5374-2750-45A6-B843-B666D6FEEAD6}.AppStore|iPhoneSimulator.Build.0 = Release|Any CPU
		{F17C5374-2750-45A6-B843-B666D6FEEAD6}.AppStore|iPhoneSimulator.Deploy.0 = Release|Any CPU
		{F17C5374-2750-45A6-B843-B666D6FEEAD6}.AppStore|x64.ActiveCfg = Release|Any CPU
		{F17C5374-2750-45A6-B843-B666D6FEEAD6}.AppStore|x64.Build.0 = Release|Any CPU
		{F17C5374-2750-45A6-B843-B666D6FEEAD6}.AppStore|x64.Deploy.0 = Release|Any CPU
		{F17C5374-2750-45A6-B843-B666D6FEEAD6}.AppStore|x86.ActiveCfg = Release|Any CPU
		{F17C5374-2750-45A6-B843-B666D6FEEAD6}.AppStore|x86.Build.0 = Release|Any CPU
		{F17C5374-2750-45A6-B843-B666D6FEEAD6}.AppStore|x86.Deploy.0 = Release|Any CPU
		{F17C5374-2750-45A6-B843-B666D6FEEAD6}.Debug|Any CPU.ActiveCfg = Debug|Any CPU
		{F17C5374-2750-45A6-B843-B666D6FEEAD6}.Debug|Any CPU.Build.0 = Debug|Any CPU
		{F17C5374-2750-45A6-B843-B666D6FEEAD6}.Debug|Any CPU.Deploy.0 = Debug|Any CPU
		{F17C5374-2750-45A6-B843-B666D6FEEAD6}.Debug|ARM.ActiveCfg = Debug|Any CPU
		{F17C5374-2750-45A6-B843-B666D6FEEAD6}.Debug|ARM.Build.0 = Debug|Any CPU
		{F17C5374-2750-45A6-B843-B666D6FEEAD6}.Debug|ARM.Deploy.0 = Debug|Any CPU
		{F17C5374-2750-45A6-B843-B666D6FEEAD6}.Debug|iPhone.ActiveCfg = Debug|Any CPU
		{F17C5374-2750-45A6-B843-B666D6FEEAD6}.Debug|iPhone.Build.0 = Debug|Any CPU
		{F17C5374-2750-45A6-B843-B666D6FEEAD6}.Debug|iPhone.Deploy.0 = Debug|Any CPU
		{F17C5374-2750-45A6-B843-B666D6FEEAD6}.Debug|iPhoneSimulator.ActiveCfg = Debug|Any CPU
		{F17C5374-2750-45A6-B843-B666D6FEEAD6}.Debug|iPhoneSimulator.Build.0 = Debug|Any CPU
		{F17C5374-2750-45A6-B843-B666D6FEEAD6}.Debug|iPhoneSimulator.Deploy.0 = Debug|Any CPU
		{F17C5374-2750-45A6-B843-B666D6FEEAD6}.Debug|x64.ActiveCfg = Debug|Any CPU
		{F17C5374-2750-45A6-B843-B666D6FEEAD6}.Debug|x64.Build.0 = Debug|Any CPU
		{F17C5374-2750-45A6-B843-B666D6FEEAD6}.Debug|x64.Deploy.0 = Debug|Any CPU
		{F17C5374-2750-45A6-B843-B666D6FEEAD6}.Debug|x86.ActiveCfg = Debug|Any CPU
		{F17C5374-2750-45A6-B843-B666D6FEEAD6}.Debug|x86.Build.0 = Debug|Any CPU
		{F17C5374-2750-45A6-B843-B666D6FEEAD6}.Debug|x86.Deploy.0 = Debug|Any CPU
		{F17C5374-2750-45A6-B843-B666D6FEEAD6}.Release|Any CPU.ActiveCfg = Release|Any CPU
		{F17C5374-2750-45A6-B843-B666D6FEEAD6}.Release|Any CPU.Build.0 = Release|Any CPU
		{F17C5374-2750-45A6-B843-B666D6FEEAD6}.Release|Any CPU.Deploy.0 = Release|Any CPU
		{F17C5374-2750-45A6-B843-B666D6FEEAD6}.Release|ARM.ActiveCfg = Release|Any CPU
		{F17C5374-2750-45A6-B843-B666D6FEEAD6}.Release|ARM.Build.0 = Release|Any CPU
		{F17C5374-2750-45A6-B843-B666D6FEEAD6}.Release|ARM.Deploy.0 = Release|Any CPU
		{F17C5374-2750-45A6-B843-B666D6FEEAD6}.Release|iPhone.ActiveCfg = Release|Any CPU
		{F17C5374-2750-45A6-B843-B666D6FEEAD6}.Release|iPhone.Build.0 = Release|Any CPU
		{F17C5374-2750-45A6-B843-B666D6FEEAD6}.Release|iPhone.Deploy.0 = Release|Any CPU
		{F17C5374-2750-45A6-B843-B666D6FEEAD6}.Release|iPhoneSimulator.ActiveCfg = Release|Any CPU
		{F17C5374-2750-45A6-B843-B666D6FEEAD6}.Release|iPhoneSimulator.Build.0 = Release|Any CPU
		{F17C5374-2750-45A6-B843-B666D6FEEAD6}.Release|iPhoneSimulator.Deploy.0 = Release|Any CPU
		{F17C5374-2750-45A6-B843-B666D6FEEAD6}.Release|x64.ActiveCfg = Release|Any CPU
		{F17C5374-2750-45A6-B843-B666D6FEEAD6}.Release|x64.Build.0 = Release|Any CPU
		{F17C5374-2750-45A6-B843-B666D6FEEAD6}.Release|x64.Deploy.0 = Release|Any CPU
		{F17C5374-2750-45A6-B843-B666D6FEEAD6}.Release|x86.ActiveCfg = Release|Any CPU
		{F17C5374-2750-45A6-B843-B666D6FEEAD6}.Release|x86.Build.0 = Release|Any CPU
		{F17C5374-2750-45A6-B843-B666D6FEEAD6}.Release|x86.Deploy.0 = Release|Any CPU
		{C8ECD254-CAFD-46AF-BF79-6DB3BE99C4C0}.Ad-Hoc|Any CPU.ActiveCfg = Ad-Hoc|iPhone
		{C8ECD254-CAFD-46AF-BF79-6DB3BE99C4C0}.Ad-Hoc|ARM.ActiveCfg = Ad-Hoc|iPhone
		{C8ECD254-CAFD-46AF-BF79-6DB3BE99C4C0}.Ad-Hoc|iPhone.ActiveCfg = Ad-Hoc|iPhone
		{C8ECD254-CAFD-46AF-BF79-6DB3BE99C4C0}.Ad-Hoc|iPhone.Build.0 = Ad-Hoc|iPhone
		{C8ECD254-CAFD-46AF-BF79-6DB3BE99C4C0}.Ad-Hoc|iPhoneSimulator.ActiveCfg = Ad-Hoc|iPhoneSimulator
		{C8ECD254-CAFD-46AF-BF79-6DB3BE99C4C0}.Ad-Hoc|iPhoneSimulator.Build.0 = Ad-Hoc|iPhoneSimulator
		{C8ECD254-CAFD-46AF-BF79-6DB3BE99C4C0}.Ad-Hoc|x64.ActiveCfg = Ad-Hoc|iPhone
		{C8ECD254-CAFD-46AF-BF79-6DB3BE99C4C0}.Ad-Hoc|x86.ActiveCfg = Ad-Hoc|iPhone
		{C8ECD254-CAFD-46AF-BF79-6DB3BE99C4C0}.AppStore|Any CPU.ActiveCfg = AppStore|iPhone
		{C8ECD254-CAFD-46AF-BF79-6DB3BE99C4C0}.AppStore|ARM.ActiveCfg = AppStore|iPhone
		{C8ECD254-CAFD-46AF-BF79-6DB3BE99C4C0}.AppStore|iPhone.ActiveCfg = AppStore|iPhone
		{C8ECD254-CAFD-46AF-BF79-6DB3BE99C4C0}.AppStore|iPhone.Build.0 = AppStore|iPhone
		{C8ECD254-CAFD-46AF-BF79-6DB3BE99C4C0}.AppStore|iPhoneSimulator.ActiveCfg = AppStore|iPhoneSimulator
		{C8ECD254-CAFD-46AF-BF79-6DB3BE99C4C0}.AppStore|iPhoneSimulator.Build.0 = AppStore|iPhoneSimulator
		{C8ECD254-CAFD-46AF-BF79-6DB3BE99C4C0}.AppStore|x64.ActiveCfg = AppStore|iPhone
		{C8ECD254-CAFD-46AF-BF79-6DB3BE99C4C0}.AppStore|x86.ActiveCfg = AppStore|iPhone
		{C8ECD254-CAFD-46AF-BF79-6DB3BE99C4C0}.Debug|Any CPU.ActiveCfg = Debug|iPhone
		{C8ECD254-CAFD-46AF-BF79-6DB3BE99C4C0}.Debug|ARM.ActiveCfg = Debug|iPhone
		{C8ECD254-CAFD-46AF-BF79-6DB3BE99C4C0}.Debug|iPhone.ActiveCfg = Debug|iPhone
		{C8ECD254-CAFD-46AF-BF79-6DB3BE99C4C0}.Debug|iPhone.Build.0 = Debug|iPhone
		{C8ECD254-CAFD-46AF-BF79-6DB3BE99C4C0}.Debug|iPhoneSimulator.ActiveCfg = Debug|iPhoneSimulator
		{C8ECD254-CAFD-46AF-BF79-6DB3BE99C4C0}.Debug|iPhoneSimulator.Build.0 = Debug|iPhoneSimulator
		{C8ECD254-CAFD-46AF-BF79-6DB3BE99C4C0}.Debug|x64.ActiveCfg = Debug|iPhone
		{C8ECD254-CAFD-46AF-BF79-6DB3BE99C4C0}.Debug|x86.ActiveCfg = Debug|iPhone
		{C8ECD254-CAFD-46AF-BF79-6DB3BE99C4C0}.Release|Any CPU.ActiveCfg = Release|iPhone
		{C8ECD254-CAFD-46AF-BF79-6DB3BE99C4C0}.Release|ARM.ActiveCfg = Release|iPhone
		{C8ECD254-CAFD-46AF-BF79-6DB3BE99C4C0}.Release|iPhone.ActiveCfg = Release|iPhone
		{C8ECD254-CAFD-46AF-BF79-6DB3BE99C4C0}.Release|iPhone.Build.0 = Release|iPhone
		{C8ECD254-CAFD-46AF-BF79-6DB3BE99C4C0}.Release|iPhoneSimulator.ActiveCfg = Release|iPhoneSimulator
		{C8ECD254-CAFD-46AF-BF79-6DB3BE99C4C0}.Release|iPhoneSimulator.Build.0 = Release|iPhoneSimulator
		{C8ECD254-CAFD-46AF-BF79-6DB3BE99C4C0}.Release|x64.ActiveCfg = Release|iPhone
		{C8ECD254-CAFD-46AF-BF79-6DB3BE99C4C0}.Release|x86.ActiveCfg = Release|iPhone
		{0FF2CBC3-51C4-41E6-B80E-6CD85B1FF29D}.Ad-Hoc|Any CPU.ActiveCfg = Release|Any CPU
		{0FF2CBC3-51C4-41E6-B80E-6CD85B1FF29D}.Ad-Hoc|Any CPU.Build.0 = Release|Any CPU
		{0FF2CBC3-51C4-41E6-B80E-6CD85B1FF29D}.Ad-Hoc|ARM.ActiveCfg = Release|Any CPU
		{0FF2CBC3-51C4-41E6-B80E-6CD85B1FF29D}.Ad-Hoc|ARM.Build.0 = Release|Any CPU
		{0FF2CBC3-51C4-41E6-B80E-6CD85B1FF29D}.Ad-Hoc|iPhone.ActiveCfg = Release|Any CPU
		{0FF2CBC3-51C4-41E6-B80E-6CD85B1FF29D}.Ad-Hoc|iPhone.Build.0 = Release|Any CPU
		{0FF2CBC3-51C4-41E6-B80E-6CD85B1FF29D}.Ad-Hoc|iPhoneSimulator.ActiveCfg = Release|Any CPU
		{0FF2CBC3-51C4-41E6-B80E-6CD85B1FF29D}.Ad-Hoc|iPhoneSimulator.Build.0 = Release|Any CPU
		{0FF2CBC3-51C4-41E6-B80E-6CD85B1FF29D}.Ad-Hoc|x64.ActiveCfg = Release|Any CPU
		{0FF2CBC3-51C4-41E6-B80E-6CD85B1FF29D}.Ad-Hoc|x64.Build.0 = Release|Any CPU
		{0FF2CBC3-51C4-41E6-B80E-6CD85B1FF29D}.Ad-Hoc|x86.ActiveCfg = Release|Any CPU
		{0FF2CBC3-51C4-41E6-B80E-6CD85B1FF29D}.Ad-Hoc|x86.Build.0 = Release|Any CPU
		{0FF2CBC3-51C4-41E6-B80E-6CD85B1FF29D}.AppStore|Any CPU.ActiveCfg = Release|Any CPU
		{0FF2CBC3-51C4-41E6-B80E-6CD85B1FF29D}.AppStore|Any CPU.Build.0 = Release|Any CPU
		{0FF2CBC3-51C4-41E6-B80E-6CD85B1FF29D}.AppStore|ARM.ActiveCfg = Release|Any CPU
		{0FF2CBC3-51C4-41E6-B80E-6CD85B1FF29D}.AppStore|ARM.Build.0 = Release|Any CPU
		{0FF2CBC3-51C4-41E6-B80E-6CD85B1FF29D}.AppStore|iPhone.ActiveCfg = Release|Any CPU
		{0FF2CBC3-51C4-41E6-B80E-6CD85B1FF29D}.AppStore|iPhone.Build.0 = Release|Any CPU
		{0FF2CBC3-51C4-41E6-B80E-6CD85B1FF29D}.AppStore|iPhoneSimulator.ActiveCfg = Release|Any CPU
		{0FF2CBC3-51C4-41E6-B80E-6CD85B1FF29D}.AppStore|iPhoneSimulator.Build.0 = Release|Any CPU
		{0FF2CBC3-51C4-41E6-B80E-6CD85B1FF29D}.AppStore|x64.ActiveCfg = Release|Any CPU
		{0FF2CBC3-51C4-41E6-B80E-6CD85B1FF29D}.AppStore|x64.Build.0 = Release|Any CPU
		{0FF2CBC3-51C4-41E6-B80E-6CD85B1FF29D}.AppStore|x86.ActiveCfg = Release|Any CPU
		{0FF2CBC3-51C4-41E6-B80E-6CD85B1FF29D}.AppStore|x86.Build.0 = Release|Any CPU
		{0FF2CBC3-51C4-41E6-B80E-6CD85B1FF29D}.Debug|Any CPU.ActiveCfg = Debug|Any CPU
		{0FF2CBC3-51C4-41E6-B80E-6CD85B1FF29D}.Debug|Any CPU.Build.0 = Debug|Any CPU
		{0FF2CBC3-51C4-41E6-B80E-6CD85B1FF29D}.Debug|ARM.ActiveCfg = Debug|Any CPU
		{0FF2CBC3-51C4-41E6-B80E-6CD85B1FF29D}.Debug|ARM.Build.0 = Debug|Any CPU
		{0FF2CBC3-51C4-41E6-B80E-6CD85B1FF29D}.Debug|iPhone.ActiveCfg = Debug|Any CPU
		{0FF2CBC3-51C4-41E6-B80E-6CD85B1FF29D}.Debug|iPhone.Build.0 = Debug|Any CPU
		{0FF2CBC3-51C4-41E6-B80E-6CD85B1FF29D}.Debug|iPhoneSimulator.ActiveCfg = Debug|Any CPU
		{0FF2CBC3-51C4-41E6-B80E-6CD85B1FF29D}.Debug|iPhoneSimulator.Build.0 = Debug|Any CPU
		{0FF2CBC3-51C4-41E6-B80E-6CD85B1FF29D}.Debug|x64.ActiveCfg = Debug|Any CPU
		{0FF2CBC3-51C4-41E6-B80E-6CD85B1FF29D}.Debug|x64.Build.0 = Debug|Any CPU
		{0FF2CBC3-51C4-41E6-B80E-6CD85B1FF29D}.Debug|x86.ActiveCfg = Debug|Any CPU
		{0FF2CBC3-51C4-41E6-B80E-6CD85B1FF29D}.Debug|x86.Build.0 = Debug|Any CPU
		{0FF2CBC3-51C4-41E6-B80E-6CD85B1FF29D}.Release|Any CPU.ActiveCfg = Release|Any CPU
		{0FF2CBC3-51C4-41E6-B80E-6CD85B1FF29D}.Release|Any CPU.Build.0 = Release|Any CPU
		{0FF2CBC3-51C4-41E6-B80E-6CD85B1FF29D}.Release|ARM.ActiveCfg = Release|Any CPU
		{0FF2CBC3-51C4-41E6-B80E-6CD85B1FF29D}.Release|ARM.Build.0 = Release|Any CPU
		{0FF2CBC3-51C4-41E6-B80E-6CD85B1FF29D}.Release|iPhone.ActiveCfg = Release|Any CPU
		{0FF2CBC3-51C4-41E6-B80E-6CD85B1FF29D}.Release|iPhone.Build.0 = Release|Any CPU
		{0FF2CBC3-51C4-41E6-B80E-6CD85B1FF29D}.Release|iPhoneSimulator.ActiveCfg = Release|Any CPU
		{0FF2CBC3-51C4-41E6-B80E-6CD85B1FF29D}.Release|iPhoneSimulator.Build.0 = Release|Any CPU
		{0FF2CBC3-51C4-41E6-B80E-6CD85B1FF29D}.Release|x64.ActiveCfg = Release|Any CPU
		{0FF2CBC3-51C4-41E6-B80E-6CD85B1FF29D}.Release|x64.Build.0 = Release|Any CPU
		{0FF2CBC3-51C4-41E6-B80E-6CD85B1FF29D}.Release|x86.ActiveCfg = Release|Any CPU
		{0FF2CBC3-51C4-41E6-B80E-6CD85B1FF29D}.Release|x86.Build.0 = Release|Any CPU
	EndGlobalSection
	GlobalSection(SolutionProperties) = preSolution
		HideSolutionNode = FALSE
	EndGlobalSection
	GlobalSection(ExtensibilityGlobals) = postSolution
		SolutionGuid = {C1D52214-642E-4799-8AC0-1136AB0E101C}
	EndGlobalSection
EndGlobal
